// !$*UTF8*$!
{
	archiveVersion = 1;
	classes = {
	};
	objectVersion = 50;
	objects = {

/* Begin PBXBuildFile section */
		1B80C48E20E9701C0083357E /* LocationManager.swift in Sources */ = {isa = PBXBuildFile; fileRef = 1B80C48D20E9701C0083357E /* LocationManager.swift */; };
		1B80C49120E982930083357E /* NSLayoutConstraint.swift in Sources */ = {isa = PBXBuildFile; fileRef = 1B80C49020E982930083357E /* NSLayoutConstraint.swift */; };
		1B80C49420E98CE50083357E /* Location.swift in Sources */ = {isa = PBXBuildFile; fileRef = 1B80C49320E98CE50083357E /* Location.swift */; };
		1B80C49620E98CEF0083357E /* Anchor.swift in Sources */ = {isa = PBXBuildFile; fileRef = 1B80C49520E98CEF0083357E /* Anchor.swift */; };
		1B80C49820EA335C0083357E /* Event.swift in Sources */ = {isa = PBXBuildFile; fileRef = 1B80C49720EA335C0083357E /* Event.swift */; };
		1B80C49A20EA3C7E0083357E /* ImageView.swift in Sources */ = {isa = PBXBuildFile; fileRef = 1B80C49920EA3C7E0083357E /* ImageView.swift */; };
		1B80C49C20EA3E2C0083357E /* UIColor.swift in Sources */ = {isa = PBXBuildFile; fileRef = 1B80C49B20EA3E2C0083357E /* UIColor.swift */; };
		1B80C4A020EA3FAA0083357E /* ManagedObjectWithCoordinate.swift in Sources */ = {isa = PBXBuildFile; fileRef = 1B80C49F20EA3FAA0083357E /* ManagedObjectWithCoordinate.swift */; };
		1B80C4A220EA44AE0083357E /* UserNotificationManager.swift in Sources */ = {isa = PBXBuildFile; fileRef = 1B80C4A120EA44AE0083357E /* UserNotificationManager.swift */; };
		1B80C4A420EA57420083357E /* NSManagedObjectContext.swift in Sources */ = {isa = PBXBuildFile; fileRef = 1B80C4A320EA57420083357E /* NSManagedObjectContext.swift */; };
		1B99242520EB565700E97D1A /* CLLocationCoordinate2D.swift in Sources */ = {isa = PBXBuildFile; fileRef = 1B99242420EB565700E97D1A /* CLLocationCoordinate2D.swift */; };
		1B9EFFCE20E6D7B9006102BD /* AppDelegate.swift in Sources */ = {isa = PBXBuildFile; fileRef = 1B9EFFCD20E6D7B9006102BD /* AppDelegate.swift */; };
		1B9EFFD020E6D7B9006102BD /* ViewController.swift in Sources */ = {isa = PBXBuildFile; fileRef = 1B9EFFCF20E6D7B9006102BD /* ViewController.swift */; };
		1B9EFFD320E6D7B9006102BD /* Main.storyboard in Resources */ = {isa = PBXBuildFile; fileRef = 1B9EFFD120E6D7B9006102BD /* Main.storyboard */; };
		1B9EFFD620E6D7B9006102BD /* Anchor.xcdatamodeld in Sources */ = {isa = PBXBuildFile; fileRef = 1B9EFFD420E6D7B9006102BD /* Anchor.xcdatamodeld */; };
		1B9EFFD820E6D7BA006102BD /* Assets.xcassets in Resources */ = {isa = PBXBuildFile; fileRef = 1B9EFFD720E6D7BA006102BD /* Assets.xcassets */; };
		1B9EFFDB20E6D7BA006102BD /* LaunchScreen.storyboard in Resources */ = {isa = PBXBuildFile; fileRef = 1B9EFFD920E6D7BA006102BD /* LaunchScreen.storyboard */; };
/* End PBXBuildFile section */

/* Begin PBXFileReference section */
		1B80C48D20E9701C0083357E /* LocationManager.swift */ = {isa = PBXFileReference; lastKnownFileType = sourcecode.swift; path = LocationManager.swift; sourceTree = "<group>"; };
		1B80C49020E982930083357E /* NSLayoutConstraint.swift */ = {isa = PBXFileReference; lastKnownFileType = sourcecode.swift; path = NSLayoutConstraint.swift; sourceTree = "<group>"; };
		1B80C49320E98CE50083357E /* Location.swift */ = {isa = PBXFileReference; lastKnownFileType = sourcecode.swift; path = Location.swift; sourceTree = "<group>"; };
		1B80C49520E98CEF0083357E /* Anchor.swift */ = {isa = PBXFileReference; lastKnownFileType = sourcecode.swift; path = Anchor.swift; sourceTree = "<group>"; };
		1B80C49720EA335C0083357E /* Event.swift */ = {isa = PBXFileReference; lastKnownFileType = sourcecode.swift; path = Event.swift; sourceTree = "<group>"; };
		1B80C49920EA3C7E0083357E /* ImageView.swift */ = {isa = PBXFileReference; lastKnownFileType = sourcecode.swift; path = ImageView.swift; sourceTree = "<group>"; };
		1B80C49B20EA3E2C0083357E /* UIColor.swift */ = {isa = PBXFileReference; lastKnownFileType = sourcecode.swift; path = UIColor.swift; sourceTree = "<group>"; };
		1B80C49F20EA3FAA0083357E /* ManagedObjectWithCoordinate.swift */ = {isa = PBXFileReference; lastKnownFileType = sourcecode.swift; path = ManagedObjectWithCoordinate.swift; sourceTree = "<group>"; };
		1B80C4A120EA44AE0083357E /* UserNotificationManager.swift */ = {isa = PBXFileReference; lastKnownFileType = sourcecode.swift; path = UserNotificationManager.swift; sourceTree = "<group>"; };
		1B80C4A320EA57420083357E /* NSManagedObjectContext.swift */ = {isa = PBXFileReference; lastKnownFileType = sourcecode.swift; path = NSManagedObjectContext.swift; sourceTree = "<group>"; };
		1B99242420EB565700E97D1A /* CLLocationCoordinate2D.swift */ = {isa = PBXFileReference; lastKnownFileType = sourcecode.swift; path = CLLocationCoordinate2D.swift; sourceTree = "<group>"; };
		1B9EFFCA20E6D7B9006102BD /* Anchor.app */ = {isa = PBXFileReference; explicitFileType = wrapper.application; includeInIndex = 0; path = Anchor.app; sourceTree = BUILT_PRODUCTS_DIR; };
		1B9EFFCD20E6D7B9006102BD /* AppDelegate.swift */ = {isa = PBXFileReference; lastKnownFileType = sourcecode.swift; path = AppDelegate.swift; sourceTree = "<group>"; };
		1B9EFFCF20E6D7B9006102BD /* ViewController.swift */ = {isa = PBXFileReference; lastKnownFileType = sourcecode.swift; path = ViewController.swift; sourceTree = "<group>"; };
		1B9EFFD220E6D7B9006102BD /* Base */ = {isa = PBXFileReference; lastKnownFileType = file.storyboard; name = Base; path = Base.lproj/Main.storyboard; sourceTree = "<group>"; };
		1B9EFFD520E6D7B9006102BD /* Anchor.xcdatamodel */ = {isa = PBXFileReference; lastKnownFileType = wrapper.xcdatamodel; path = Anchor.xcdatamodel; sourceTree = "<group>"; };
		1B9EFFD720E6D7BA006102BD /* Assets.xcassets */ = {isa = PBXFileReference; lastKnownFileType = folder.assetcatalog; path = Assets.xcassets; sourceTree = "<group>"; };
		1B9EFFDA20E6D7BA006102BD /* Base */ = {isa = PBXFileReference; lastKnownFileType = file.storyboard; name = Base; path = Base.lproj/LaunchScreen.storyboard; sourceTree = "<group>"; };
		1B9EFFDC20E6D7BA006102BD /* Info.plist */ = {isa = PBXFileReference; lastKnownFileType = text.plist.xml; path = Info.plist; sourceTree = "<group>"; };
/* End PBXFileReference section */

/* Begin PBXFrameworksBuildPhase section */
		1B9EFFC720E6D7B9006102BD /* Frameworks */ = {
			isa = PBXFrameworksBuildPhase;
			buildActionMask = 2147483647;
			files = (
			);
			runOnlyForDeploymentPostprocessing = 0;
		};
/* End PBXFrameworksBuildPhase section */

/* Begin PBXGroup section */
		1B80C48F20E982840083357E /* Support */ = {
			isa = PBXGroup;
			children = (
				1B80C49020E982930083357E /* NSLayoutConstraint.swift */,
				1B80C49920EA3C7E0083357E /* ImageView.swift */,
				1B80C49B20EA3E2C0083357E /* UIColor.swift */,
				1B80C4A320EA57420083357E /* NSManagedObjectContext.swift */,
				1B99242420EB565700E97D1A /* CLLocationCoordinate2D.swift */,
			);
			path = Support;
			sourceTree = "<group>";
		};
		1B80C49220E98CBA0083357E /* Models */ = {
			isa = PBXGroup;
			children = (
				1B9EFFD420E6D7B9006102BD /* Anchor.xcdatamodeld */,
				1B80C49320E98CE50083357E /* Location.swift */,
				1B80C49520E98CEF0083357E /* Anchor.swift */,
				1B80C49720EA335C0083357E /* Event.swift */,
				1B80C49F20EA3FAA0083357E /* ManagedObjectWithCoordinate.swift */,
			);
			path = Models;
			sourceTree = "<group>";
		};
		1B80C49D20EA3F170083357E /* View Controllers */ = {
			isa = PBXGroup;
			children = (
				1B9EFFCF20E6D7B9006102BD /* ViewController.swift */,
				1B9EFFD120E6D7B9006102BD /* Main.storyboard */,
				1B9EFFD920E6D7BA006102BD /* LaunchScreen.storyboard */,
			);
			path = "View Controllers";
			sourceTree = "<group>";
		};
		1B80C49E20EA3F320083357E /* Managers */ = {
			isa = PBXGroup;
			children = (
				1B80C48D20E9701C0083357E /* LocationManager.swift */,
				1B80C4A120EA44AE0083357E /* UserNotificationManager.swift */,
			);
			path = Managers;
			sourceTree = "<group>";
		};
		1B9EFFC120E6D7B9006102BD = {
			isa = PBXGroup;
			children = (
				1B9EFFCC20E6D7B9006102BD /* Anchor */,
				1B9EFFCB20E6D7B9006102BD /* Products */,
			);
			sourceTree = "<group>";
		};
		1B9EFFCB20E6D7B9006102BD /* Products */ = {
			isa = PBXGroup;
			children = (
				1B9EFFCA20E6D7B9006102BD /* Anchor.app */,
			);
			name = Products;
			sourceTree = "<group>";
		};
		1B9EFFCC20E6D7B9006102BD /* Anchor */ = {
			isa = PBXGroup;
			children = (
				1B80C49E20EA3F320083357E /* Managers */,
				1B80C49220E98CBA0083357E /* Models */,
				1B80C48F20E982840083357E /* Support */,
				1B80C49D20EA3F170083357E /* View Controllers */,
				1B9EFFCD20E6D7B9006102BD /* AppDelegate.swift */,
				1B9EFFD720E6D7BA006102BD /* Assets.xcassets */,
				1B9EFFDC20E6D7BA006102BD /* Info.plist */,
			);
			path = Anchor;
			sourceTree = "<group>";
		};
/* End PBXGroup section */

/* Begin PBXNativeTarget section */
		1B9EFFC920E6D7B9006102BD /* Anchor */ = {
			isa = PBXNativeTarget;
			buildConfigurationList = 1B9EFFDF20E6D7BA006102BD /* Build configuration list for PBXNativeTarget "Anchor" */;
			buildPhases = (
				1B9EFFC620E6D7B9006102BD /* Sources */,
				1B9EFFC720E6D7B9006102BD /* Frameworks */,
				1B9EFFC820E6D7B9006102BD /* Resources */,
			);
			buildRules = (
			);
			dependencies = (
			);
			name = Anchor;
			productName = Anchor;
			productReference = 1B9EFFCA20E6D7B9006102BD /* Anchor.app */;
			productType = "com.apple.product-type.application";
		};
/* End PBXNativeTarget section */

/* Begin PBXProject section */
		1B9EFFC220E6D7B9006102BD /* Project object */ = {
			isa = PBXProject;
			attributes = {
				LastSwiftUpdateCheck = 1000;
				LastUpgradeCheck = 1000;
				ORGANIZATIONNAME = "Johannes Wagener";
				TargetAttributes = {
					1B9EFFC920E6D7B9006102BD = {
						CreatedOnToolsVersion = 10.0;
						SystemCapabilities = {
							com.apple.BackgroundModes = {
								enabled = 1;
							};
						};
					};
				};
			};
			buildConfigurationList = 1B9EFFC520E6D7B9006102BD /* Build configuration list for PBXProject "Anchor" */;
			compatibilityVersion = "Xcode 9.3";
			developmentRegion = en;
			hasScannedForEncodings = 0;
			knownRegions = (
				en,
				Base,
			);
			mainGroup = 1B9EFFC120E6D7B9006102BD;
			productRefGroup = 1B9EFFCB20E6D7B9006102BD /* Products */;
			projectDirPath = "";
			projectRoot = "";
			targets = (
				1B9EFFC920E6D7B9006102BD /* Anchor */,
			);
		};
/* End PBXProject section */

/* Begin PBXResourcesBuildPhase section */
		1B9EFFC820E6D7B9006102BD /* Resources */ = {
			isa = PBXResourcesBuildPhase;
			buildActionMask = 2147483647;
			files = (
				1B9EFFDB20E6D7BA006102BD /* LaunchScreen.storyboard in Resources */,
				1B9EFFD820E6D7BA006102BD /* Assets.xcassets in Resources */,
				1B9EFFD320E6D7B9006102BD /* Main.storyboard in Resources */,
			);
			runOnlyForDeploymentPostprocessing = 0;
		};
/* End PBXResourcesBuildPhase section */

/* Begin PBXSourcesBuildPhase section */
		1B9EFFC620E6D7B9006102BD /* Sources */ = {
			isa = PBXSourcesBuildPhase;
			buildActionMask = 2147483647;
			files = (
				1B80C49820EA335C0083357E /* Event.swift in Sources */,
				1B80C48E20E9701C0083357E /* LocationManager.swift in Sources */,
				1B80C49620E98CEF0083357E /* Anchor.swift in Sources */,
				1B9EFFD620E6D7B9006102BD /* Anchor.xcdatamodeld in Sources */,
				1B9EFFD020E6D7B9006102BD /* ViewController.swift in Sources */,
				1B9EFFCE20E6D7B9006102BD /* AppDelegate.swift in Sources */,
				1B80C49A20EA3C7E0083357E /* ImageView.swift in Sources */,
				1B80C49420E98CE50083357E /* Location.swift in Sources */,
				1B80C49120E982930083357E /* NSLayoutConstraint.swift in Sources */,
				1B80C4A420EA57420083357E /* NSManagedObjectContext.swift in Sources */,
				1B80C4A220EA44AE0083357E /* UserNotificationManager.swift in Sources */,
				1B80C4A020EA3FAA0083357E /* ManagedObjectWithCoordinate.swift in Sources */,
				1B80C49C20EA3E2C0083357E /* UIColor.swift in Sources */,
				1B99242520EB565700E97D1A /* CLLocationCoordinate2D.swift in Sources */,
			);
			runOnlyForDeploymentPostprocessing = 0;
		};
/* End PBXSourcesBuildPhase section */

/* Begin PBXVariantGroup section */
		1B9EFFD120E6D7B9006102BD /* Main.storyboard */ = {
			isa = PBXVariantGroup;
			children = (
				1B9EFFD220E6D7B9006102BD /* Base */,
			);
			name = Main.storyboard;
			sourceTree = "<group>";
		};
		1B9EFFD920E6D7BA006102BD /* LaunchScreen.storyboard */ = {
			isa = PBXVariantGroup;
			children = (
				1B9EFFDA20E6D7BA006102BD /* Base */,
			);
			name = LaunchScreen.storyboard;
			sourceTree = "<group>";
		};
/* End PBXVariantGroup section */

/* Begin XCBuildConfiguration section */
		1B9EFFDD20E6D7BA006102BD /* Debug */ = {
			isa = XCBuildConfiguration;
			buildSettings = {
				ALWAYS_SEARCH_USER_PATHS = NO;
				CLANG_ANALYZER_NONNULL = YES;
				CLANG_ANALYZER_NUMBER_OBJECT_CONVERSION = YES_AGGRESSIVE;
				CLANG_CXX_LANGUAGE_STANDARD = "gnu++14";
				CLANG_CXX_LIBRARY = "libc++";
				CLANG_ENABLE_MODULES = YES;
				CLANG_ENABLE_OBJC_ARC = YES;
				CLANG_ENABLE_OBJC_WEAK = YES;
				CLANG_WARN_BLOCK_CAPTURE_AUTORELEASING = YES;
				CLANG_WARN_BOOL_CONVERSION = YES;
				CLANG_WARN_COMMA = YES;
				CLANG_WARN_CONSTANT_CONVERSION = YES;
				CLANG_WARN_DEPRECATED_OBJC_IMPLEMENTATIONS = YES;
				CLANG_WARN_DIRECT_OBJC_ISA_USAGE = YES_ERROR;
				CLANG_WARN_DOCUMENTATION_COMMENTS = YES;
				CLANG_WARN_EMPTY_BODY = YES;
				CLANG_WARN_ENUM_CONVERSION = YES;
				CLANG_WARN_INFINITE_RECURSION = YES;
				CLANG_WARN_INT_CONVERSION = YES;
				CLANG_WARN_NON_LITERAL_NULL_CONVERSION = YES;
				CLANG_WARN_OBJC_IMPLICIT_RETAIN_SELF = YES;
				CLANG_WARN_OBJC_LITERAL_CONVERSION = YES;
				CLANG_WARN_OBJC_ROOT_CLASS = YES_ERROR;
				CLANG_WARN_RANGE_LOOP_ANALYSIS = YES;
				CLANG_WARN_STRICT_PROTOTYPES = YES;
				CLANG_WARN_SUSPICIOUS_MOVE = YES;
				CLANG_WARN_UNGUARDED_AVAILABILITY = YES_AGGRESSIVE;
				CLANG_WARN_UNREACHABLE_CODE = YES;
				CLANG_WARN__DUPLICATE_METHOD_MATCH = YES;
				CODE_SIGN_IDENTITY = "iPhone Developer";
				COPY_PHASE_STRIP = NO;
				DEBUG_INFORMATION_FORMAT = dwarf;
				ENABLE_STRICT_OBJC_MSGSEND = YES;
				ENABLE_TESTABILITY = YES;
				GCC_C_LANGUAGE_STANDARD = gnu11;
				GCC_DYNAMIC_NO_PIC = NO;
				GCC_NO_COMMON_BLOCKS = YES;
				GCC_OPTIMIZATION_LEVEL = 0;
				GCC_PREPROCESSOR_DEFINITIONS = (
					"DEBUG=1",
					"$(inherited)",
				);
				GCC_WARN_64_TO_32_BIT_CONVERSION = YES;
				GCC_WARN_ABOUT_RETURN_TYPE = YES_ERROR;
				GCC_WARN_UNDECLARED_SELECTOR = YES;
				GCC_WARN_UNINITIALIZED_AUTOS = YES_AGGRESSIVE;
				GCC_WARN_UNUSED_FUNCTION = YES;
				GCC_WARN_UNUSED_VARIABLE = YES;
				IPHONEOS_DEPLOYMENT_TARGET = 12.0;
				MTL_ENABLE_DEBUG_INFO = INCLUDE_SOURCE;
				ONLY_ACTIVE_ARCH = YES;
				SDKROOT = iphoneos;
				SWIFT_ACTIVE_COMPILATION_CONDITIONS = DEBUG;
				SWIFT_OPTIMIZATION_LEVEL = "-Onone";
			};
			name = Debug;
		};
		1B9EFFDE20E6D7BA006102BD /* Release */ = {
			isa = XCBuildConfiguration;
			buildSettings = {
				ALWAYS_SEARCH_USER_PATHS = NO;
				CLANG_ANALYZER_NONNULL = YES;
				CLANG_ANALYZER_NUMBER_OBJECT_CONVERSION = YES_AGGRESSIVE;
				CLANG_CXX_LANGUAGE_STANDARD = "gnu++14";
				CLANG_CXX_LIBRARY = "libc++";
				CLANG_ENABLE_MODULES = YES;
				CLANG_ENABLE_OBJC_ARC = YES;
				CLANG_ENABLE_OBJC_WEAK = YES;
				CLANG_WARN_BLOCK_CAPTURE_AUTORELEASING = YES;
				CLANG_WARN_BOOL_CONVERSION = YES;
				CLANG_WARN_COMMA = YES;
				CLANG_WARN_CONSTANT_CONVERSION = YES;
				CLANG_WARN_DEPRECATED_OBJC_IMPLEMENTATIONS = YES;
				CLANG_WARN_DIRECT_OBJC_ISA_USAGE = YES_ERROR;
				CLANG_WARN_DOCUMENTATION_COMMENTS = YES;
				CLANG_WARN_EMPTY_BODY = YES;
				CLANG_WARN_ENUM_CONVERSION = YES;
				CLANG_WARN_INFINITE_RECURSION = YES;
				CLANG_WARN_INT_CONVERSION = YES;
				CLANG_WARN_NON_LITERAL_NULL_CONVERSION = YES;
				CLANG_WARN_OBJC_IMPLICIT_RETAIN_SELF = YES;
				CLANG_WARN_OBJC_LITERAL_CONVERSION = YES;
				CLANG_WARN_OBJC_ROOT_CLASS = YES_ERROR;
				CLANG_WARN_RANGE_LOOP_ANALYSIS = YES;
				CLANG_WARN_STRICT_PROTOTYPES = YES;
				CLANG_WARN_SUSPICIOUS_MOVE = YES;
				CLANG_WARN_UNGUARDED_AVAILABILITY = YES_AGGRESSIVE;
				CLANG_WARN_UNREACHABLE_CODE = YES;
				CLANG_WARN__DUPLICATE_METHOD_MATCH = YES;
				CODE_SIGN_IDENTITY = "iPhone Developer";
				COPY_PHASE_STRIP = NO;
				DEBUG_INFORMATION_FORMAT = "dwarf-with-dsym";
				ENABLE_NS_ASSERTIONS = NO;
				ENABLE_STRICT_OBJC_MSGSEND = YES;
				GCC_C_LANGUAGE_STANDARD = gnu11;
				GCC_NO_COMMON_BLOCKS = YES;
				GCC_WARN_64_TO_32_BIT_CONVERSION = YES;
				GCC_WARN_ABOUT_RETURN_TYPE = YES_ERROR;
				GCC_WARN_UNDECLARED_SELECTOR = YES;
				GCC_WARN_UNINITIALIZED_AUTOS = YES_AGGRESSIVE;
				GCC_WARN_UNUSED_FUNCTION = YES;
				GCC_WARN_UNUSED_VARIABLE = YES;
				IPHONEOS_DEPLOYMENT_TARGET = 12.0;
				MTL_ENABLE_DEBUG_INFO = NO;
				SDKROOT = iphoneos;
				SWIFT_COMPILATION_MODE = wholemodule;
				SWIFT_OPTIMIZATION_LEVEL = "-O";
				VALIDATE_PRODUCT = YES;
			};
			name = Release;
		};
		1B9EFFE020E6D7BA006102BD /* Debug */ = {
			isa = XCBuildConfiguration;
			buildSettings = {
				ASSETCATALOG_COMPILER_APPICON_NAME = AppIcon;
				CODE_SIGN_STYLE = Automatic;
				DEVELOPMENT_TEAM = YY4PMMNCW4;
				INFOPLIST_FILE = Anchor/Info.plist;
				LD_RUNPATH_SEARCH_PATHS = (
					"$(inherited)",
					"@executable_path/Frameworks",
				);
				PRODUCT_BUNDLE_IDENTIFIER = cc.wagener.Anchor;
				PRODUCT_NAME = "$(TARGET_NAME)";
				SWIFT_VERSION = 4.2;
				TARGETED_DEVICE_FAMILY = "1,2";
			};
			name = Debug;
		};
		1B9EFFE120E6D7BA006102BD /* Release */ = {
			isa = XCBuildConfiguration;
			buildSettings = {
				ASSETCATALOG_COMPILER_APPICON_NAME = AppIcon;
				CODE_SIGN_STYLE = Automatic;
				DEVELOPMENT_TEAM = YY4PMMNCW4;
				INFOPLIST_FILE = Anchor/Info.plist;
				LD_RUNPATH_SEARCH_PATHS = (
					"$(inherited)",
					"@executable_path/Frameworks",
				);
				PRODUCT_BUNDLE_IDENTIFIER = cc.wagener.Anchor;
				PRODUCT_NAME = "$(TARGET_NAME)";
				SWIFT_VERSION = 4.2;
				TARGETED_DEVICE_FAMILY = "1,2";
			};
			name = Release;
		};
/* End XCBuildConfiguration section */

/* Begin XCConfigurationList section */
		1B9EFFC520E6D7B9006102BD /* Build configuration list for PBXProject "Anchor" */ = {
			isa = XCConfigurationList;
			buildConfigurations = (
				1B9EFFDD20E6D7BA006102BD /* Debug */,
				1B9EFFDE20E6D7BA006102BD /* Release */,
			);
			defaultConfigurationIsVisible = 0;
			defaultConfigurationName = Release;
		};
		1B9EFFDF20E6D7BA006102BD /* Build configuration list for PBXNativeTarget "Anchor" */ = {
			isa = XCConfigurationList;
			buildConfigurations = (
				1B9EFFE020E6D7BA006102BD /* Debug */,
				1B9EFFE120E6D7BA006102BD /* Release */,
			);
			defaultConfigurationIsVisible = 0;
			defaultConfigurationName = Release;
		};
/* End XCConfigurationList section */

/* Begin XCVersionGroup section */
		1B9EFFD420E6D7B9006102BD /* Anchor.xcdatamodeld */ = {
			isa = XCVersionGroup;
			children = (
				1B9EFFD520E6D7B9006102BD /* Anchor.xcdatamodel */,
			);
			currentVersion = 1B9EFFD520E6D7B9006102BD /* Anchor.xcdatamodel */;
			path = Anchor.xcdatamodeld;
			sourceTree = "<group>";
			versionGroupType = wrapper.xcdatamodel;
		};
/* End XCVersionGroup section */
	};
	rootObject = 1B9EFFC220E6D7B9006102BD /* Project object */;
}
